
Microsoft Visual Studio Solution File, Format Version 12.00
# Visual Studio 2017
Project("{FAE04EC0-301F-11D3-BF4B-00C04F79EFBC}") = "FBLA Test Game", "FBLA Test Game.csproj", "{682BA87C-2595-02B3-D917-25AC2E315845}"
EndProject
Global
	GlobalSection(SolutionConfigurationPlatforms) = preSolution
		Debug|Any CPU = Debug|Any CPU
		Release|Any CPU = Release|Any CPU
	EndGlobalSection
	GlobalSection(ProjectConfigurationPlatforms) = postSolution
		{682BA87C-2595-02B3-D917-25AC2E315845}.Debug|Any CPU.ActiveCfg = Debug|Any CPU
		{682BA87C-2595-02B3-D917-25AC2E315845}.Debug|Any CPU.Build.0 = Debug|Any CPU
		{682BA87C-2595-02B3-D917-25AC2E315845}.Release|Any CPU.ActiveCfg = Release|Any CPU
		{682BA87C-2595-02B3-D917-25AC2E315845}.Release|Any CPU.Build.0 = Release|Any CPU
	EndGlobalSection
	GlobalSection(SolutionProperties) = preSolution
		HideSolutionNode = FALSE
	EndGlobalSection
EndGlobal
